
Microsoft Visual Studio Solution File, Format Version 12.00
# Visual Studio Version 17
VisualStudioVersion = 17.4.33213.308
MinimumVisualStudioVersion = 10.0.40219.1
Project("{FAE04EC0-301F-11D3-BF4B-00C04F79EFBC}") = "BLOODBANK2", "BLOODBANK2\BLOODBANK2.csproj", "{D0C8C382-2E9D-4820-9F94-43D9BDFF6A67}"
EndProject
Global
	GlobalSection(SolutionConfigurationPlatforms) = preSolution
		Debug|Any CPU = Debug|Any CPU
		Release|Any CPU = Release|Any CPU
	EndGlobalSection
	GlobalSection(ProjectConfigurationPlatforms) = postSolution
		{D0C8C382-2E9D-4820-9F94-43D9BDFF6A67}.Debug|Any CPU.ActiveCfg = Debug|Any CPU
		{D0C8C382-2E9D-4820-9F94-43D9BDFF6A67}.Debug|Any CPU.Build.0 = Debug|Any CPU
		{D0C8C382-2E9D-4820-9F94-43D9BDFF6A67}.Release|Any CPU.ActiveCfg = Release|Any CPU
		{D0C8C382-2E9D-4820-9F94-43D9BDFF6A67}.Release|Any CPU.Build.0 = Release|Any CPU
	EndGlobalSection
	GlobalSection(SolutionProperties) = preSolution
		HideSolutionNode = FALSE
	EndGlobalSection
	GlobalSection(ExtensibilityGlobals) = postSolution
		SolutionGuid = {1DF881A0-57B1-43C0-A1B4-CCA71F5F8CBD}
	EndGlobalSection
EndGlobal
